github.com/vistone/fingerprint/modules/errors v1.0.20 h1:YQA2w0Ru4qTG07oQHJX5fGFcOv7hqJ4NwqZK5pvbdgw=
github.com/vistone/fingerprint/modules/errors v1.0.20/go.mod h1:dRwXR4+yrNnXjKF1CFCvBVrvUqNpRe2XuYiZFqSN6dQ=
github.com/vistone/fingerprint/modules/profiles v1.0.20 h1:nxZXyl9fVwLEj5UtYtlnCS6LNVS+X5T1jH7XtdzUHZg=
github.com/vistone/fingerprint/modules/profiles v1.0.20/go.mod h1:ttqqW3pjiAfUi2HsAd5R/J5J3EMysrlSPxS9LvIPKAE=
